
Microsoft Visual Studio Solution File, Format Version 12.00
# Visual Studio Version 17
VisualStudioVersion = 17.5.002.0
MinimumVisualStudioVersion = 10.0.40219.1
Project("{9A19103F-16F7-4668-BE54-9A1E7A4F7556}") = "App", "App\App.csproj", "{A4D1E391-4309-43BA-AF1C-F69F4C8BF290}"
EndProject
Project("{9A19103F-16F7-4668-BE54-9A1E7A4F7556}") = "Tests", "Tests\Tests.csproj", "{925031CE-DDB9-4FDF-99BA-771C59BCA67D}"
EndProject
Global
	GlobalSection(SolutionConfigurationPlatforms) = preSolution
		Debug|Any CPU = Debug|Any CPU
		Release|Any CPU = Release|Any CPU
	EndGlobalSection
	GlobalSection(ProjectConfigurationPlatforms) = postSolution
		{A4D1E391-4309-43BA-AF1C-F69F4C8BF290}.Debug|Any CPU.ActiveCfg = Debug|Any CPU
		{A4D1E391-4309-43BA-AF1C-F69F4C8BF290}.Debug|Any CPU.Build.0 = Debug|Any CPU
		{A4D1E391-4309-43BA-AF1C-F69F4C8BF290}.Release|Any CPU.ActiveCfg = Release|Any CPU
		{A4D1E391-4309-43BA-AF1C-F69F4C8BF290}.Release|Any CPU.Build.0 = Release|Any CPU
		{925031CE-DDB9-4FDF-99BA-771C59BCA67D}.Debug|Any CPU.ActiveCfg = Debug|Any CPU
		{925031CE-DDB9-4FDF-99BA-771C59BCA67D}.Debug|Any CPU.Build.0 = Debug|Any CPU
		{925031CE-DDB9-4FDF-99BA-771C59BCA67D}.Release|Any CPU.ActiveCfg = Release|Any CPU
		{925031CE-DDB9-4FDF-99BA-771C59BCA67D}.Release|Any CPU.Build.0 = Release|Any CPU
	EndGlobalSection
	GlobalSection(SolutionProperties) = preSolution
		HideSolutionNode = FALSE
	EndGlobalSection
	GlobalSection(ExtensibilityGlobals) = postSolution
		SolutionGuid = {59D420A0-466B-4BA3-9CF5-24A27AB49AFC}
	EndGlobalSection
EndGlobal
